
Microsoft Visual Studio Solution File, Format Version 12.00
# Visual Studio Version 16
VisualStudioVersion = 16.0.32106.194
MinimumVisualStudioVersion = 10.0.40219.1
Project("{FAE04EC0-301F-11D3-BF4B-00C04F79EFBC}") = "WFGravarDadosMySQL", "WFGravarDadosMySQL\WFGravarDadosMySQL.csproj", "{388B5FA5-6ED7-408E-BAEF-DAFDC2BBF333}"
EndProject
Global
	GlobalSection(SolutionConfigurationPlatforms) = preSolution
		Debug|Any CPU = Debug|Any CPU
		Release|Any CPU = Release|Any CPU
	EndGlobalSection
	GlobalSection(ProjectConfigurationPlatforms) = postSolution
		{388B5FA5-6ED7-408E-BAEF-DAFDC2BBF333}.Debug|Any CPU.ActiveCfg = Debug|Any CPU
		{388B5FA5-6ED7-408E-BAEF-DAFDC2BBF333}.Debug|Any CPU.Build.0 = Debug|Any CPU
		{388B5FA5-6ED7-408E-BAEF-DAFDC2BBF333}.Release|Any CPU.ActiveCfg = Release|Any CPU
		{388B5FA5-6ED7-408E-BAEF-DAFDC2BBF333}.Release|Any CPU.Build.0 = Release|Any CPU
	EndGlobalSection
	GlobalSection(SolutionProperties) = preSolution
		HideSolutionNode = FALSE
	EndGlobalSection
	GlobalSection(ExtensibilityGlobals) = postSolution
		SolutionGuid = {EBFF623D-9B39-4710-B38A-A959AF06BB3D}
	EndGlobalSection
EndGlobal
